
Microsoft Visual Studio Solution File, Format Version 12.00
# Visual Studio Version 17
VisualStudioVersion = 17.6.33801.468
MinimumVisualStudioVersion = 10.0.40219.1
Project("{FAE04EC0-301F-11D3-BF4B-00C04F79EFBC}") = "SearchProject", "SearchProject.csproj", "{1643CF3B-2A81-4CE5-8FA8-F8B6D7F2B2B7}"
EndProject
Global
	GlobalSection(SolutionConfigurationPlatforms) = preSolution
		Debug|Any CPU = Debug|Any CPU
		Release|Any CPU = Release|Any CPU
	EndGlobalSection
	GlobalSection(ProjectConfigurationPlatforms) = postSolution
		{1643CF3B-2A81-4CE5-8FA8-F8B6D7F2B2B7}.Debug|Any CPU.ActiveCfg = Debug|Any CPU
		{1643CF3B-2A81-4CE5-8FA8-F8B6D7F2B2B7}.Debug|Any CPU.Build.0 = Debug|Any CPU
		{1643CF3B-2A81-4CE5-8FA8-F8B6D7F2B2B7}.Release|Any CPU.ActiveCfg = Release|Any CPU
		{1643CF3B-2A81-4CE5-8FA8-F8B6D7F2B2B7}.Release|Any CPU.Build.0 = Release|Any CPU
	EndGlobalSection
	GlobalSection(SolutionProperties) = preSolution
		HideSolutionNode = FALSE
	EndGlobalSection
	GlobalSection(ExtensibilityGlobals) = postSolution
		SolutionGuid = {33105417-D588-4F1A-A33F-B6C35E7179C5}
	EndGlobalSection
EndGlobal
